
Microsoft Visual Studio Solution File, Format Version 12.00
# Visual Studio Version 16
VisualStudioVersion = 16.0.29215.179
MinimumVisualStudioVersion = 10.0.40219.1
Project("{FAE04EC0-301F-11D3-BF4B-00C04F79EFBC}") = "OpenTidlExercise", "OpenTidlExercise\OpenTidlExercise.csproj", "{0D62C6F2-13DC-494F-ABBF-3E9A016B33D0}"
EndProject
Project("{FAE04EC0-301F-11D3-BF4B-00C04F79EFBC}") = "TidlTests", "TidlTests\TidlTests.csproj", "{266ACA71-26D8-478E-BD53-3E333F793A78}"
EndProject
Global
	GlobalSection(SolutionConfigurationPlatforms) = preSolution
		Debug|Any CPU = Debug|Any CPU
		Release|Any CPU = Release|Any CPU
	EndGlobalSection
	GlobalSection(ProjectConfigurationPlatforms) = postSolution
		{0D62C6F2-13DC-494F-ABBF-3E9A016B33D0}.Debug|Any CPU.ActiveCfg = Debug|Any CPU
		{0D62C6F2-13DC-494F-ABBF-3E9A016B33D0}.Debug|Any CPU.Build.0 = Debug|Any CPU
		{0D62C6F2-13DC-494F-ABBF-3E9A016B33D0}.Release|Any CPU.ActiveCfg = Release|Any CPU
		{0D62C6F2-13DC-494F-ABBF-3E9A016B33D0}.Release|Any CPU.Build.0 = Release|Any CPU
		{266ACA71-26D8-478E-BD53-3E333F793A78}.Debug|Any CPU.ActiveCfg = Debug|Any CPU
		{266ACA71-26D8-478E-BD53-3E333F793A78}.Debug|Any CPU.Build.0 = Debug|Any CPU
		{266ACA71-26D8-478E-BD53-3E333F793A78}.Release|Any CPU.ActiveCfg = Release|Any CPU
		{266ACA71-26D8-478E-BD53-3E333F793A78}.Release|Any CPU.Build.0 = Release|Any CPU
	EndGlobalSection
	GlobalSection(SolutionProperties) = preSolution
		HideSolutionNode = FALSE
	EndGlobalSection
	GlobalSection(ExtensibilityGlobals) = postSolution
		SolutionGuid = {0D2EA29F-1112-4141-958B-2C16BF8E71AA}
	EndGlobalSection
EndGlobal
